
Microsoft Visual Studio Solution File, Format Version 12.00
# Visual Studio Version 16
VisualStudioVersion = 16.0.30225.117
MinimumVisualStudioVersion = 10.0.40219.1
Project("{FAE04EC0-301F-11D3-BF4B-00C04F79EFBC}") = "CovidApp", "CovidApp.csproj", "{92D7D52F-4A95-46B5-8BCC-3E0B61C42BEB}"
EndProject
Global
	GlobalSection(SolutionConfigurationPlatforms) = preSolution
		Debug|ARM = Debug|ARM
		Debug|ARM64 = Debug|ARM64
		Debug|x64 = Debug|x64
		Debug|x86 = Debug|x86
		Release|ARM = Release|ARM
		Release|ARM64 = Release|ARM64
		Release|x64 = Release|x64
		Release|x86 = Release|x86
	EndGlobalSection
	GlobalSection(ProjectConfigurationPlatforms) = postSolution
		{92D7D52F-4A95-46B5-8BCC-3E0B61C42BEB}.Debug|ARM.ActiveCfg = Debug|ARM
		{92D7D52F-4A95-46B5-8BCC-3E0B61C42BEB}.Debug|ARM.Build.0 = Debug|ARM
		{92D7D52F-4A95-46B5-8BCC-3E0B61C42BEB}.Debug|ARM.Deploy.0 = Debug|ARM
		{92D7D52F-4A95-46B5-8BCC-3E0B61C42BEB}.Debug|ARM64.ActiveCfg = Debug|ARM64
		{92D7D52F-4A95-46B5-8BCC-3E0B61C42BEB}.Debug|ARM64.Build.0 = Debug|ARM64
		{92D7D52F-4A95-46B5-8BCC-3E0B61C42BEB}.Debug|ARM64.Deploy.0 = Debug|ARM64
		{92D7D52F-4A95-46B5-8BCC-3E0B61C42BEB}.Debug|x64.ActiveCfg = Debug|x64
		{92D7D52F-4A95-46B5-8BCC-3E0B61C42BEB}.Debug|x64.Build.0 = Debug|x64
		{92D7D52F-4A95-46B5-8BCC-3E0B61C42BEB}.Debug|x64.Deploy.0 = Debug|x64
		{92D7D52F-4A95-46B5-8BCC-3E0B61C42BEB}.Debug|x86.ActiveCfg = Debug|x86
		{92D7D52F-4A95-46B5-8BCC-3E0B61C42BEB}.Debug|x86.Build.0 = Debug|x86
		{92D7D52F-4A95-46B5-8BCC-3E0B61C42BEB}.Debug|x86.Deploy.0 = Debug|x86
		{92D7D52F-4A95-46B5-8BCC-3E0B61C42BEB}.Release|ARM.ActiveCfg = Release|ARM
		{92D7D52F-4A95-46B5-8BCC-3E0B61C42BEB}.Release|ARM.Build.0 = Release|ARM
		{92D7D52F-4A95-46B5-8BCC-3E0B61C42BEB}.Release|ARM.Deploy.0 = Release|ARM
		{92D7D52F-4A95-46B5-8BCC-3E0B61C42BEB}.Release|ARM64.ActiveCfg = Release|ARM64
		{92D7D52F-4A95-46B5-8BCC-3E0B61C42BEB}.Release|ARM64.Build.0 = Release|ARM64
		{92D7D52F-4A95-46B5-8BCC-3E0B61C42BEB}.Release|ARM64.Deploy.0 = Release|ARM64
		{92D7D52F-4A95-46B5-8BCC-3E0B61C42BEB}.Release|x64.ActiveCfg = Release|x64
		{92D7D52F-4A95-46B5-8BCC-3E0B61C42BEB}.Release|x64.Build.0 = Release|x64
		{92D7D52F-4A95-46B5-8BCC-3E0B61C42BEB}.Release|x64.Deploy.0 = Release|x64
		{92D7D52F-4A95-46B5-8BCC-3E0B61C42BEB}.Release|x86.ActiveCfg = Release|x86
		{92D7D52F-4A95-46B5-8BCC-3E0B61C42BEB}.Release|x86.Build.0 = Release|x86
		{92D7D52F-4A95-46B5-8BCC-3E0B61C42BEB}.Release|x86.Deploy.0 = Release|x86
	EndGlobalSection
	GlobalSection(SolutionProperties) = preSolution
		HideSolutionNode = FALSE
	EndGlobalSection
	GlobalSection(ExtensibilityGlobals) = postSolution
		SolutionGuid = {A1F51BC6-D008-428D-91E9-48A2CA8F1E9B}
	EndGlobalSection
EndGlobal
